// !$*UTF8*$!
{
	archiveVersion = 1;
	classes = {
	};
	objectVersion = 55;
	objects = {

/* Begin PBXBuildFile section */
		95C3A24828DD79C800CCF1C8 /* AppDelegate.swift in Sources */ = {isa = PBXBuildFile; fileRef = 95C3A24728DD79C800CCF1C8 /* AppDelegate.swift */; };
		95C3A24A28DD79C800CCF1C8 /* SceneDelegate.swift in Sources */ = {isa = PBXBuildFile; fileRef = 95C3A24928DD79C800CCF1C8 /* SceneDelegate.swift */; };
		95C3A24C28DD79C800CCF1C8 /* ViewController.swift in Sources */ = {isa = PBXBuildFile; fileRef = 95C3A24B28DD79C800CCF1C8 /* ViewController.swift */; };
		95C3A24F28DD79C800CCF1C8 /* Main.storyboard in Resources */ = {isa = PBXBuildFile; fileRef = 95C3A24D28DD79C800CCF1C8 /* Main.storyboard */; };
		95C3A25128DD79C900CCF1C8 /* Assets.xcassets in Resources */ = {isa = PBXBuildFile; fileRef = 95C3A25028DD79C900CCF1C8 /* Assets.xcassets */; };
		95C3A25428DD79C900CCF1C8 /* LaunchScreen.storyboard in Resources */ = {isa = PBXBuildFile; fileRef = 95C3A25228DD79C900CCF1C8 /* LaunchScreen.storyboard */; };
		95EAF7F728E1079B007457B0 /* ViewModel.swift in Sources */ = {isa = PBXBuildFile; fileRef = 95EAF7F628E1079B007457B0 /* ViewModel.swift */; };
		95EAF7F928E107AD007457B0 /* Calculator.swift in Sources */ = {isa = PBXBuildFile; fileRef = 95EAF7F828E107AD007457B0 /* Calculator.swift */; };
		95EAF7FC28E10A30007457B0 /* RxCocoa in Frameworks */ = {isa = PBXBuildFile; productRef = 95EAF7FB28E10A30007457B0 /* RxCocoa */; };
		95EAF7FE28E10A30007457B0 /* RxRelay in Frameworks */ = {isa = PBXBuildFile; productRef = 95EAF7FD28E10A30007457B0 /* RxRelay */; };
		95EAF80028E10A30007457B0 /* RxSwift in Frameworks */ = {isa = PBXBuildFile; productRef = 95EAF7FF28E10A30007457B0 /* RxSwift */; };
/* End PBXBuildFile section */

/* Begin PBXFileReference section */
		95C3A24428DD79C800CCF1C8 /* Kadai2-MVVM.app */ = {isa = PBXFileReference; explicitFileType = wrapper.application; includeInIndex = 0; path = "Kadai2-MVVM.app"; sourceTree = BUILT_PRODUCTS_DIR; };
		95C3A24728DD79C800CCF1C8 /* AppDelegate.swift */ = {isa = PBXFileReference; lastKnownFileType = sourcecode.swift; path = AppDelegate.swift; sourceTree = "<group>"; };
		95C3A24928DD79C800CCF1C8 /* SceneDelegate.swift */ = {isa = PBXFileReference; lastKnownFileType = sourcecode.swift; path = SceneDelegate.swift; sourceTree = "<group>"; };
		95C3A24B28DD79C800CCF1C8 /* ViewController.swift */ = {isa = PBXFileReference; lastKnownFileType = sourcecode.swift; path = ViewController.swift; sourceTree = "<group>"; };
		95C3A24E28DD79C800CCF1C8 /* Base */ = {isa = PBXFileReference; lastKnownFileType = file.storyboard; name = Base; path = Base.lproj/Main.storyboard; sourceTree = "<group>"; };
		95C3A25028DD79C900CCF1C8 /* Assets.xcassets */ = {isa = PBXFileReference; lastKnownFileType = folder.assetcatalog; path = Assets.xcassets; sourceTree = "<group>"; };
		95C3A25328DD79C900CCF1C8 /* Base */ = {isa = PBXFileReference; lastKnownFileType = file.storyboard; name = Base; path = Base.lproj/LaunchScreen.storyboard; sourceTree = "<group>"; };
		95C3A25528DD79C900CCF1C8 /* Info.plist */ = {isa = PBXFileReference; lastKnownFileType = text.plist.xml; path = Info.plist; sourceTree = "<group>"; };
		95EAF7F628E1079B007457B0 /* ViewModel.swift */ = {isa = PBXFileReference; lastKnownFileType = sourcecode.swift; path = ViewModel.swift; sourceTree = "<group>"; };
		95EAF7F828E107AD007457B0 /* Calculator.swift */ = {isa = PBXFileReference; lastKnownFileType = sourcecode.swift; path = Calculator.swift; sourceTree = "<group>"; };
/* End PBXFileReference section */

/* Begin PBXFrameworksBuildPhase section */
		95C3A24128DD79C800CCF1C8 /* Frameworks */ = {
			isa = PBXFrameworksBuildPhase;
			buildActionMask = 2147483647;
			files = (
				95EAF80028E10A30007457B0 /* RxSwift in Frameworks */,
				95EAF7FE28E10A30007457B0 /* RxRelay in Frameworks */,
				95EAF7FC28E10A30007457B0 /* RxCocoa in Frameworks */,
			);
			runOnlyForDeploymentPostprocessing = 0;
		};
/* End PBXFrameworksBuildPhase section */

/* Begin PBXGroup section */
		95C3A23B28DD79C800CCF1C8 = {
			isa = PBXGroup;
			children = (
				95C3A24628DD79C800CCF1C8 /* Kadai2-MVVM */,
				95C3A24528DD79C800CCF1C8 /* Products */,
			);
			sourceTree = "<group>";
		};
		95C3A24528DD79C800CCF1C8 /* Products */ = {
			isa = PBXGroup;
			children = (
				95C3A24428DD79C800CCF1C8 /* Kadai2-MVVM.app */,
			);
			name = Products;
			sourceTree = "<group>";
		};
		95C3A24628DD79C800CCF1C8 /* Kadai2-MVVM */ = {
			isa = PBXGroup;
			children = (
				95C3A25D28DD7B3300CCF1C8 /* Models */,
				95C3A25C28DD7B2E00CCF1C8 /* Views */,
				95C3A25B28DD7B2800CCF1C8 /* ViewModels */,
				95C3A24728DD79C800CCF1C8 /* AppDelegate.swift */,
				95C3A24928DD79C800CCF1C8 /* SceneDelegate.swift */,
				95C3A25028DD79C900CCF1C8 /* Assets.xcassets */,
				95C3A25228DD79C900CCF1C8 /* LaunchScreen.storyboard */,
				95C3A25528DD79C900CCF1C8 /* Info.plist */,
			);
			path = "Kadai2-MVVM";
			sourceTree = "<group>";
		};
		95C3A25B28DD7B2800CCF1C8 /* ViewModels */ = {
			isa = PBXGroup;
			children = (
				95EAF7F628E1079B007457B0 /* ViewModel.swift */,
			);
			path = ViewModels;
			sourceTree = "<group>";
		};
		95C3A25C28DD7B2E00CCF1C8 /* Views */ = {
			isa = PBXGroup;
			children = (
				95C3A24B28DD79C800CCF1C8 /* ViewController.swift */,
				95C3A24D28DD79C800CCF1C8 /* Main.storyboard */,
			);
			path = Views;
			sourceTree = "<group>";
		};
		95C3A25D28DD7B3300CCF1C8 /* Models */ = {
			isa = PBXGroup;
			children = (
				95EAF7F828E107AD007457B0 /* Calculator.swift */,
			);
			path = Models;
			sourceTree = "<group>";
		};
/* End PBXGroup section */

/* Begin PBXNativeTarget section */
		95C3A24328DD79C800CCF1C8 /* Kadai2-MVVM */ = {
			isa = PBXNativeTarget;
			buildConfigurationList = 95C3A25828DD79C900CCF1C8 /* Build configuration list for PBXNativeTarget "Kadai2-MVVM" */;
			buildPhases = (
				95C3A24028DD79C800CCF1C8 /* Sources */,
				95C3A24128DD79C800CCF1C8 /* Frameworks */,
				95C3A24228DD79C800CCF1C8 /* Resources */,
			);
			buildRules = (
			);
			dependencies = (
			);
			name = "Kadai2-MVVM";
			packageProductDependencies = (
				95EAF7FB28E10A30007457B0 /* RxCocoa */,
				95EAF7FD28E10A30007457B0 /* RxRelay */,
				95EAF7FF28E10A30007457B0 /* RxSwift */,
			);
			productName = "Kadai2-MVVM";
			productReference = 95C3A24428DD79C800CCF1C8 /* Kadai2-MVVM.app */;
			productType = "com.apple.product-type.application";
		};
/* End PBXNativeTarget section */

/* Begin PBXProject section */
		95C3A23C28DD79C800CCF1C8 /* Project object */ = {
			isa = PBXProject;
			attributes = {
				BuildIndependentTargetsInParallel = 1;
				LastSwiftUpdateCheck = 1340;
				LastUpgradeCheck = 1340;
				TargetAttributes = {
					95C3A24328DD79C800CCF1C8 = {
						CreatedOnToolsVersion = 13.4.1;
					};
				};
			};
			buildConfigurationList = 95C3A23F28DD79C800CCF1C8 /* Build configuration list for PBXProject "Kadai2-MVVM" */;
			compatibilityVersion = "Xcode 13.0";
			developmentRegion = en;
			hasScannedForEncodings = 0;
			knownRegions = (
				en,
				Base,
			);
			mainGroup = 95C3A23B28DD79C800CCF1C8;
			packageReferences = (
				95EAF7FA28E10A30007457B0 /* XCRemoteSwiftPackageReference "RxSwift" */,
			);
			productRefGroup = 95C3A24528DD79C800CCF1C8 /* Products */;
			projectDirPath = "";
			projectRoot = "";
			targets = (
				95C3A24328DD79C800CCF1C8 /* Kadai2-MVVM */,
			);
		};
/* End PBXProject section */

/* Begin PBXResourcesBuildPhase section */
		95C3A24228DD79C800CCF1C8 /* Resources */ = {
			isa = PBXResourcesBuildPhase;
			buildActionMask = 2147483647;
			files = (
				95C3A25428DD79C900CCF1C8 /* LaunchScreen.storyboard in Resources */,
				95C3A25128DD79C900CCF1C8 /* Assets.xcassets in Resources */,
				95C3A24F28DD79C800CCF1C8 /* Main.storyboard in Resources */,
			);
			runOnlyForDeploymentPostprocessing = 0;
		};
/* End PBXResourcesBuildPhase section */

/* Begin PBXSourcesBuildPhase section */
		95C3A24028DD79C800CCF1C8 /* Sources */ = {
			isa = PBXSourcesBuildPhase;
			buildActionMask = 2147483647;
			files = (
				95C3A24C28DD79C800CCF1C8 /* ViewController.swift in Sources */,
				95C3A24828DD79C800CCF1C8 /* AppDelegate.swift in Sources */,
				95EAF7F728E1079B007457B0 /* ViewModel.swift in Sources */,
				95EAF7F928E107AD007457B0 /* Calculator.swift in Sources */,
				95C3A24A28DD79C800CCF1C8 /* SceneDelegate.swift in Sources */,
			);
			runOnlyForDeploymentPostprocessing = 0;
		};
/* End PBXSourcesBuildPhase section */

/* Begin PBXVariantGroup section */
		95C3A24D28DD79C800CCF1C8 /* Main.storyboard */ = {
			isa = PBXVariantGroup;
			children = (
				95C3A24E28DD79C800CCF1C8 /* Base */,
			);
			name = Main.storyboard;
			sourceTree = "<group>";
		};
		95C3A25228DD79C900CCF1C8 /* LaunchScreen.storyboard */ = {
			isa = PBXVariantGroup;
			children = (
				95C3A25328DD79C900CCF1C8 /* Base */,
			);
			name = LaunchScreen.storyboard;
			sourceTree = "<group>";
		};
/* End PBXVariantGroup section */

/* Begin XCBuildConfiguration section */
		95C3A25628DD79C900CCF1C8 /* Debug */ = {
			isa = XCBuildConfiguration;
			buildSettings = {
				ALWAYS_SEARCH_USER_PATHS = NO;
				CLANG_ANALYZER_NONNULL = YES;
				CLANG_ANALYZER_NUMBER_OBJECT_CONVERSION = YES_AGGRESSIVE;
				CLANG_CXX_LANGUAGE_STANDARD = "gnu++17";
				CLANG_ENABLE_MODULES = YES;
				CLANG_ENABLE_OBJC_ARC = YES;
				CLANG_ENABLE_OBJC_WEAK = YES;
				CLANG_WARN_BLOCK_CAPTURE_AUTORELEASING = YES;
				CLANG_WARN_BOOL_CONVERSION = YES;
				CLANG_WARN_COMMA = YES;
				CLANG_WARN_CONSTANT_CONVERSION = YES;
				CLANG_WARN_DEPRECATED_OBJC_IMPLEMENTATIONS = YES;
				CLANG_WARN_DIRECT_OBJC_ISA_USAGE = YES_ERROR;
				CLANG_WARN_DOCUMENTATION_COMMENTS = YES;
				CLANG_WARN_EMPTY_BODY = YES;
				CLANG_WARN_ENUM_CONVERSION = YES;
				CLANG_WARN_INFINITE_RECURSION = YES;
				CLANG_WARN_INT_CONVERSION = YES;
				CLANG_WARN_NON_LITERAL_NULL_CONVERSION = YES;
				CLANG_WARN_OBJC_IMPLICIT_RETAIN_SELF = YES;
				CLANG_WARN_OBJC_LITERAL_CONVERSION = YES;
				CLANG_WARN_OBJC_ROOT_CLASS = YES_ERROR;
				CLANG_WARN_QUOTED_INCLUDE_IN_FRAMEWORK_HEADER = YES;
				CLANG_WARN_RANGE_LOOP_ANALYSIS = YES;
				CLANG_WARN_STRICT_PROTOTYPES = YES;
				CLANG_WARN_SUSPICIOUS_MOVE = YES;
				CLANG_WARN_UNGUARDED_AVAILABILITY = YES_AGGRESSIVE;
				CLANG_WARN_UNREACHABLE_CODE = YES;
				CLANG_WARN__DUPLICATE_METHOD_MATCH = YES;
				COPY_PHASE_STRIP = NO;
				DEBUG_INFORMATION_FORMAT = dwarf;
				ENABLE_STRICT_OBJC_MSGSEND = YES;
				ENABLE_TESTABILITY = YES;
				GCC_C_LANGUAGE_STANDARD = gnu11;
				GCC_DYNAMIC_NO_PIC = NO;
				GCC_NO_COMMON_BLOCKS = YES;
				GCC_OPTIMIZATION_LEVEL = 0;
				GCC_PREPROCESSOR_DEFINITIONS = (
					"DEBUG=1",
					"$(inherited)",
				);
				GCC_WARN_64_TO_32_BIT_CONVERSION = YES;
				GCC_WARN_ABOUT_RETURN_TYPE = YES_ERROR;
				GCC_WARN_UNDECLARED_SELECTOR = YES;
				GCC_WARN_UNINITIALIZED_AUTOS = YES_AGGRESSIVE;
				GCC_WARN_UNUSED_FUNCTION = YES;
				GCC_WARN_UNUSED_VARIABLE = YES;
				IPHONEOS_DEPLOYMENT_TARGET = 15.5;
				MTL_ENABLE_DEBUG_INFO = INCLUDE_SOURCE;
				MTL_FAST_MATH = YES;
				ONLY_ACTIVE_ARCH = YES;
				SDKROOT = iphoneos;
				SWIFT_ACTIVE_COMPILATION_CONDITIONS = DEBUG;
				SWIFT_OPTIMIZATION_LEVEL = "-Onone";
			};
			name = Debug;
		};
		95C3A25728DD79C900CCF1C8 /* Release */ = {
			isa = XCBuildConfiguration;
			buildSettings = {
				ALWAYS_SEARCH_USER_PATHS = NO;
				CLANG_ANALYZER_NONNULL = YES;
				CLANG_ANALYZER_NUMBER_OBJECT_CONVERSION = YES_AGGRESSIVE;
				CLANG_CXX_LANGUAGE_STANDARD = "gnu++17";
				CLANG_ENABLE_MODULES = YES;
				CLANG_ENABLE_OBJC_ARC = YES;
				CLANG_ENABLE_OBJC_WEAK = YES;
				CLANG_WARN_BLOCK_CAPTURE_AUTORELEASING = YES;
				CLANG_WARN_BOOL_CONVERSION = YES;
				CLANG_WARN_COMMA = YES;
				CLANG_WARN_CONSTANT_CONVERSION = YES;
				CLANG_WARN_DEPRECATED_OBJC_IMPLEMENTATIONS = YES;
				CLANG_WARN_DIRECT_OBJC_ISA_USAGE = YES_ERROR;
				CLANG_WARN_DOCUMENTATION_COMMENTS = YES;
				CLANG_WARN_EMPTY_BODY = YES;
				CLANG_WARN_ENUM_CONVERSION = YES;
				CLANG_WARN_INFINITE_RECURSION = YES;
				CLANG_WARN_INT_CONVERSION = YES;
				CLANG_WARN_NON_LITERAL_NULL_CONVERSION = YES;
				CLANG_WARN_OBJC_IMPLICIT_RETAIN_SELF = YES;
				CLANG_WARN_OBJC_LITERAL_CONVERSION = YES;
				CLANG_WARN_OBJC_ROOT_CLASS = YES_ERROR;
				CLANG_WARN_QUOTED_INCLUDE_IN_FRAMEWORK_HEADER = YES;
				CLANG_WARN_RANGE_LOOP_ANALYSIS = YES;
				CLANG_WARN_STRICT_PROTOTYPES = YES;
				CLANG_WARN_SUSPICIOUS_MOVE = YES;
				CLANG_WARN_UNGUARDED_AVAILABILITY = YES_AGGRESSIVE;
				CLANG_WARN_UNREACHABLE_CODE = YES;
				CLANG_WARN__DUPLICATE_METHOD_MATCH = YES;
				COPY_PHASE_STRIP = NO;
				DEBUG_INFORMATION_FORMAT = "dwarf-with-dsym";
				ENABLE_NS_ASSERTIONS = NO;
				ENABLE_STRICT_OBJC_MSGSEND = YES;
				GCC_C_LANGUAGE_STANDARD = gnu11;
				GCC_NO_COMMON_BLOCKS = YES;
				GCC_WARN_64_TO_32_BIT_CONVERSION = YES;
				GCC_WARN_ABOUT_RETURN_TYPE = YES_ERROR;
				GCC_WARN_UNDECLARED_SELECTOR = YES;
				GCC_WARN_UNINITIALIZED_AUTOS = YES_AGGRESSIVE;
				GCC_WARN_UNUSED_FUNCTION = YES;
				GCC_WARN_UNUSED_VARIABLE = YES;
				IPHONEOS_DEPLOYMENT_TARGET = 15.5;
				MTL_ENABLE_DEBUG_INFO = NO;
				MTL_FAST_MATH = YES;
				SDKROOT = iphoneos;
				SWIFT_COMPILATION_MODE = wholemodule;
				SWIFT_OPTIMIZATION_LEVEL = "-O";
				VALIDATE_PRODUCT = YES;
			};
			name = Release;
		};
		95C3A25928DD79C900CCF1C8 /* Debug */ = {
			isa = XCBuildConfiguration;
			buildSettings = {
				ASSETCATALOG_COMPILER_APPICON_NAME = AppIcon;
				ASSETCATALOG_COMPILER_GLOBAL_ACCENT_COLOR_NAME = AccentColor;
				CODE_SIGN_STYLE = Automatic;
				CURRENT_PROJECT_VERSION = 1;
				DEVELOPMENT_TEAM = 7X9S244452;
				GENERATE_INFOPLIST_FILE = YES;
				INFOPLIST_FILE = "Kadai2-MVVM/Info.plist";
				INFOPLIST_KEY_UIApplicationSupportsIndirectInputEvents = YES;
				INFOPLIST_KEY_UILaunchStoryboardName = LaunchScreen;
				INFOPLIST_KEY_UIMainStoryboardFile = Main;
				INFOPLIST_KEY_UISupportedInterfaceOrientations_iPad = "UIInterfaceOrientationPortrait UIInterfaceOrientationPortraitUpsideDown UIInterfaceOrientationLandscapeLeft UIInterfaceOrientationLandscapeRight";
				INFOPLIST_KEY_UISupportedInterfaceOrientations_iPhone = "UIInterfaceOrientationPortrait UIInterfaceOrientationLandscapeLeft UIInterfaceOrientationLandscapeRight";
				LD_RUNPATH_SEARCH_PATHS = (
					"$(inherited)",
					"@executable_path/Frameworks",
				);
				MARKETING_VERSION = 1.0;
				PRODUCT_BUNDLE_IDENTIFIER = "com.mkondo.Kadai2-MVVM";
				PRODUCT_NAME = "$(TARGET_NAME)";
				SWIFT_EMIT_LOC_STRINGS = YES;
				SWIFT_VERSION = 5.0;
				TARGETED_DEVICE_FAMILY = "1,2";
			};
			name = Debug;
		};
		95C3A25A28DD79C900CCF1C8 /* Release */ = {
			isa = XCBuildConfiguration;
			buildSettings = {
				ASSETCATALOG_COMPILER_APPICON_NAME = AppIcon;
				ASSETCATALOG_COMPILER_GLOBAL_ACCENT_COLOR_NAME = AccentColor;
				CODE_SIGN_STYLE = Automatic;
				CURRENT_PROJECT_VERSION = 1;
				DEVELOPMENT_TEAM = 7X9S244452;
				GENERATE_INFOPLIST_FILE = YES;
				INFOPLIST_FILE = "Kadai2-MVVM/Info.plist";
				INFOPLIST_KEY_UIApplicationSupportsIndirectInputEvents = YES;
				INFOPLIST_KEY_UILaunchStoryboardName = LaunchScreen;
				INFOPLIST_KEY_UIMainStoryboardFile = Main;
				INFOPLIST_KEY_UISupportedInterfaceOrientations_iPad = "UIInterfaceOrientationPortrait UIInterfaceOrientationPortraitUpsideDown UIInterfaceOrientationLandscapeLeft UIInterfaceOrientationLandscapeRight";
				INFOPLIST_KEY_UISupportedInterfaceOrientations_iPhone = "UIInterfaceOrientationPortrait UIInterfaceOrientationLandscapeLeft UIInterfaceOrientationLandscapeRight";
				LD_RUNPATH_SEARCH_PATHS = (
					"$(inherited)",
					"@executable_path/Frameworks",
				);
				MARKETING_VERSION = 1.0;
				PRODUCT_BUNDLE_IDENTIFIER = "com.mkondo.Kadai2-MVVM";
				PRODUCT_NAME = "$(TARGET_NAME)";
				SWIFT_EMIT_LOC_STRINGS = YES;
				SWIFT_VERSION = 5.0;
				TARGETED_DEVICE_FAMILY = "1,2";
			};
			name = Release;
		};
/* End XCBuildConfiguration section */

/* Begin XCConfigurationList section */
		95C3A23F28DD79C800CCF1C8 /* Build configuration list for PBXProject "Kadai2-MVVM" */ = {
			isa = XCConfigurationList;
			buildConfigurations = (
				95C3A25628DD79C900CCF1C8 /* Debug */,
				95C3A25728DD79C900CCF1C8 /* Release */,
			);
			defaultConfigurationIsVisible = 0;
			defaultConfigurationName = Release;
		};
		95C3A25828DD79C900CCF1C8 /* Build configuration list for PBXNativeTarget "Kadai2-MVVM" */ = {
			isa = XCConfigurationList;
			buildConfigurations = (
				95C3A25928DD79C900CCF1C8 /* Debug */,
				95C3A25A28DD79C900CCF1C8 /* Release */,
			);
			defaultConfigurationIsVisible = 0;
			defaultConfigurationName = Release;
		};
/* End XCConfigurationList section */

/* Begin XCRemoteSwiftPackageReference section */
		95EAF7FA28E10A30007457B0 /* XCRemoteSwiftPackageReference "RxSwift" */ = {
			isa = XCRemoteSwiftPackageReference;
			repositoryURL = "https://github.com/ReactiveX/RxSwift";
			requirement = {
				kind = upToNextMajorVersion;
				minimumVersion = 6.0.0;
			};
		};
/* End XCRemoteSwiftPackageReference section */

/* Begin XCSwiftPackageProductDependency section */
		95EAF7FB28E10A30007457B0 /* RxCocoa */ = {
			isa = XCSwiftPackageProductDependency;
			package = 95EAF7FA28E10A30007457B0 /* XCRemoteSwiftPackageReference "RxSwift" */;
			productName = RxCocoa;
		};
		95EAF7FD28E10A30007457B0 /* RxRelay */ = {
			isa = XCSwiftPackageProductDependency;
			package = 95EAF7FA28E10A30007457B0 /* XCRemoteSwiftPackageReference "RxSwift" */;
			productName = RxRelay;
		};
		95EAF7FF28E10A30007457B0 /* RxSwift */ = {
			isa = XCSwiftPackageProductDependency;
			package = 95EAF7FA28E10A30007457B0 /* XCRemoteSwiftPackageReference "RxSwift" */;
			productName = RxSwift;
		};
/* End XCSwiftPackageProductDependency section */
	};
	rootObject = 95C3A23C28DD79C800CCF1C8 /* Project object */;
}
